
Microsoft Visual Studio Solution File, Format Version 12.00
# Visual Studio 15
VisualStudioVersion = 15.0.26124.0
MinimumVisualStudioVersion = 15.0.26124.0
Project("{FAE04EC0-301F-11D3-BF4B-00C04F79EFBC}") = "Events", "Events\Events.csproj", "{7FAD8498-C2F0-4C3B-A21F-2203FFD6A796}"
EndProject
Project("{FAE04EC0-301F-11D3-BF4B-00C04F79EFBC}") = "Edument.CQRS", "Edument.CQRS\Edument.CQRS.csproj", "{1E811C88-AA5E-4C65-8DDD-9032694F8343}"
EndProject
Project("{FAE04EC0-301F-11D3-BF4B-00C04F79EFBC}") = "Cafe", "Cafe\Cafe.csproj", "{8196C239-720B-457C-B8B0-F7B9AE1EBCF8}"
EndProject
Project("{FAE04EC0-301F-11D3-BF4B-00C04F79EFBC}") = "CafeReadModels", "CafeReadModels\CafeReadModels.csproj", "{0B562C4D-1FFD-405C-B656-54D49BB11AC5}"
EndProject
Project("{FAE04EC0-301F-11D3-BF4B-00C04F79EFBC}") = "CafeTests", "CafeTests\CafeTests.csproj", "{979E2245-10C7-46CF-9436-ECAF534BA48F}"
EndProject
Project("{FAE04EC0-301F-11D3-BF4B-00C04F79EFBC}") = "WebFrontEnd", "WebFrontEnd\WebFrontEnd.csproj", "{80EDA304-0DB7-47E3-8EC1-214614A30A5B}"
EndProject
Global
	GlobalSection(SolutionConfigurationPlatforms) = preSolution
		Debug|Any CPU = Debug|Any CPU
		Debug|x64 = Debug|x64
		Debug|x86 = Debug|x86
		Release|Any CPU = Release|Any CPU
		Release|x64 = Release|x64
		Release|x86 = Release|x86
	EndGlobalSection
	GlobalSection(SolutionProperties) = preSolution
		HideSolutionNode = FALSE
	EndGlobalSection
	GlobalSection(ProjectConfigurationPlatforms) = postSolution
		{7FAD8498-C2F0-4C3B-A21F-2203FFD6A796}.Debug|Any CPU.ActiveCfg = Debug|Any CPU
		{7FAD8498-C2F0-4C3B-A21F-2203FFD6A796}.Debug|Any CPU.Build.0 = Debug|Any CPU
		{7FAD8498-C2F0-4C3B-A21F-2203FFD6A796}.Debug|x64.ActiveCfg = Debug|Any CPU
		{7FAD8498-C2F0-4C3B-A21F-2203FFD6A796}.Debug|x64.Build.0 = Debug|Any CPU
		{7FAD8498-C2F0-4C3B-A21F-2203FFD6A796}.Debug|x86.ActiveCfg = Debug|Any CPU
		{7FAD8498-C2F0-4C3B-A21F-2203FFD6A796}.Debug|x86.Build.0 = Debug|Any CPU
		{7FAD8498-C2F0-4C3B-A21F-2203FFD6A796}.Release|Any CPU.ActiveCfg = Release|Any CPU
		{7FAD8498-C2F0-4C3B-A21F-2203FFD6A796}.Release|Any CPU.Build.0 = Release|Any CPU
		{7FAD8498-C2F0-4C3B-A21F-2203FFD6A796}.Release|x64.ActiveCfg = Release|Any CPU
		{7FAD8498-C2F0-4C3B-A21F-2203FFD6A796}.Release|x64.Build.0 = Release|Any CPU
		{7FAD8498-C2F0-4C3B-A21F-2203FFD6A796}.Release|x86.ActiveCfg = Release|Any CPU
		{7FAD8498-C2F0-4C3B-A21F-2203FFD6A796}.Release|x86.Build.0 = Release|Any CPU
		{1E811C88-AA5E-4C65-8DDD-9032694F8343}.Debug|Any CPU.ActiveCfg = Debug|Any CPU
		{1E811C88-AA5E-4C65-8DDD-9032694F8343}.Debug|Any CPU.Build.0 = Debug|Any CPU
		{1E811C88-AA5E-4C65-8DDD-9032694F8343}.Debug|x64.ActiveCfg = Debug|Any CPU
		{1E811C88-AA5E-4C65-8DDD-9032694F8343}.Debug|x64.Build.0 = Debug|Any CPU
		{1E811C88-AA5E-4C65-8DDD-9032694F8343}.Debug|x86.ActiveCfg = Debug|Any CPU
		{1E811C88-AA5E-4C65-8DDD-9032694F8343}.Debug|x86.Build.0 = Debug|Any CPU
		{1E811C88-AA5E-4C65-8DDD-9032694F8343}.Release|Any CPU.ActiveCfg = Release|Any CPU
		{1E811C88-AA5E-4C65-8DDD-9032694F8343}.Release|Any CPU.Build.0 = Release|Any CPU
		{1E811C88-AA5E-4C65-8DDD-9032694F8343}.Release|x64.ActiveCfg = Release|Any CPU
		{1E811C88-AA5E-4C65-8DDD-9032694F8343}.Release|x64.Build.0 = Release|Any CPU
		{1E811C88-AA5E-4C65-8DDD-9032694F8343}.Release|x86.ActiveCfg = Release|Any CPU
		{1E811C88-AA5E-4C65-8DDD-9032694F8343}.Release|x86.Build.0 = Release|Any CPU
		{8196C239-720B-457C-B8B0-F7B9AE1EBCF8}.Debug|Any CPU.ActiveCfg = Debug|Any CPU
		{8196C239-720B-457C-B8B0-F7B9AE1EBCF8}.Debug|Any CPU.Build.0 = Debug|Any CPU
		{8196C239-720B-457C-B8B0-F7B9AE1EBCF8}.Debug|x64.ActiveCfg = Debug|Any CPU
		{8196C239-720B-457C-B8B0-F7B9AE1EBCF8}.Debug|x64.Build.0 = Debug|Any CPU
		{8196C239-720B-457C-B8B0-F7B9AE1EBCF8}.Debug|x86.ActiveCfg = Debug|Any CPU
		{8196C239-720B-457C-B8B0-F7B9AE1EBCF8}.Debug|x86.Build.0 = Debug|Any CPU
		{8196C239-720B-457C-B8B0-F7B9AE1EBCF8}.Release|Any CPU.ActiveCfg = Release|Any CPU
		{8196C239-720B-457C-B8B0-F7B9AE1EBCF8}.Release|Any CPU.Build.0 = Release|Any CPU
		{8196C239-720B-457C-B8B0-F7B9AE1EBCF8}.Release|x64.ActiveCfg = Release|Any CPU
		{8196C239-720B-457C-B8B0-F7B9AE1EBCF8}.Release|x64.Build.0 = Release|Any CPU
		{8196C239-720B-457C-B8B0-F7B9AE1EBCF8}.Release|x86.ActiveCfg = Release|Any CPU
		{8196C239-720B-457C-B8B0-F7B9AE1EBCF8}.Release|x86.Build.0 = Release|Any CPU
		{0B562C4D-1FFD-405C-B656-54D49BB11AC5}.Debug|Any CPU.ActiveCfg = Debug|Any CPU
		{0B562C4D-1FFD-405C-B656-54D49BB11AC5}.Debug|Any CPU.Build.0 = Debug|Any CPU
		{0B562C4D-1FFD-405C-B656-54D49BB11AC5}.Debug|x64.ActiveCfg = Debug|Any CPU
		{0B562C4D-1FFD-405C-B656-54D49BB11AC5}.Debug|x64.Build.0 = Debug|Any CPU
		{0B562C4D-1FFD-405C-B656-54D49BB11AC5}.Debug|x86.ActiveCfg = Debug|Any CPU
		{0B562C4D-1FFD-405C-B656-54D49BB11AC5}.Debug|x86.Build.0 = Debug|Any CPU
		{0B562C4D-1FFD-405C-B656-54D49BB11AC5}.Release|Any CPU.ActiveCfg = Release|Any CPU
		{0B562C4D-1FFD-405C-B656-54D49BB11AC5}.Release|Any CPU.Build.0 = Release|Any CPU
		{0B562C4D-1FFD-405C-B656-54D49BB11AC5}.Release|x64.ActiveCfg = Release|Any CPU
		{0B562C4D-1FFD-405C-B656-54D49BB11AC5}.Release|x64.Build.0 = Release|Any CPU
		{0B562C4D-1FFD-405C-B656-54D49BB11AC5}.Release|x86.ActiveCfg = Release|Any CPU
		{0B562C4D-1FFD-405C-B656-54D49BB11AC5}.Release|x86.Build.0 = Release|Any CPU
		{979E2245-10C7-46CF-9436-ECAF534BA48F}.Debug|Any CPU.ActiveCfg = Debug|Any CPU
		{979E2245-10C7-46CF-9436-ECAF534BA48F}.Debug|Any CPU.Build.0 = Debug|Any CPU
		{979E2245-10C7-46CF-9436-ECAF534BA48F}.Debug|x64.ActiveCfg = Debug|Any CPU
		{979E2245-10C7-46CF-9436-ECAF534BA48F}.Debug|x64.Build.0 = Debug|Any CPU
		{979E2245-10C7-46CF-9436-ECAF534BA48F}.Debug|x86.ActiveCfg = Debug|Any CPU
		{979E2245-10C7-46CF-9436-ECAF534BA48F}.Debug|x86.Build.0 = Debug|Any CPU
		{979E2245-10C7-46CF-9436-ECAF534BA48F}.Release|Any CPU.ActiveCfg = Release|Any CPU
		{979E2245-10C7-46CF-9436-ECAF534BA48F}.Release|Any CPU.Build.0 = Release|Any CPU
		{979E2245-10C7-46CF-9436-ECAF534BA48F}.Release|x64.ActiveCfg = Release|Any CPU
		{979E2245-10C7-46CF-9436-ECAF534BA48F}.Release|x64.Build.0 = Release|Any CPU
		{979E2245-10C7-46CF-9436-ECAF534BA48F}.Release|x86.ActiveCfg = Release|Any CPU
		{979E2245-10C7-46CF-9436-ECAF534BA48F}.Release|x86.Build.0 = Release|Any CPU
		{80EDA304-0DB7-47E3-8EC1-214614A30A5B}.Debug|Any CPU.ActiveCfg = Debug|Any CPU
		{80EDA304-0DB7-47E3-8EC1-214614A30A5B}.Debug|Any CPU.Build.0 = Debug|Any CPU
		{80EDA304-0DB7-47E3-8EC1-214614A30A5B}.Debug|x64.ActiveCfg = Debug|Any CPU
		{80EDA304-0DB7-47E3-8EC1-214614A30A5B}.Debug|x64.Build.0 = Debug|Any CPU
		{80EDA304-0DB7-47E3-8EC1-214614A30A5B}.Debug|x86.ActiveCfg = Debug|Any CPU
		{80EDA304-0DB7-47E3-8EC1-214614A30A5B}.Debug|x86.Build.0 = Debug|Any CPU
		{80EDA304-0DB7-47E3-8EC1-214614A30A5B}.Release|Any CPU.ActiveCfg = Release|Any CPU
		{80EDA304-0DB7-47E3-8EC1-214614A30A5B}.Release|Any CPU.Build.0 = Release|Any CPU
		{80EDA304-0DB7-47E3-8EC1-214614A30A5B}.Release|x64.ActiveCfg = Release|Any CPU
		{80EDA304-0DB7-47E3-8EC1-214614A30A5B}.Release|x64.Build.0 = Release|Any CPU
		{80EDA304-0DB7-47E3-8EC1-214614A30A5B}.Release|x86.ActiveCfg = Release|Any CPU
		{80EDA304-0DB7-47E3-8EC1-214614A30A5B}.Release|x86.Build.0 = Release|Any CPU
	EndGlobalSection
EndGlobal
